
Microsoft Visual Studio Solution File, Format Version 12.00
# Visual Studio Version 17
VisualStudioVersion = 17.5.33627.172
MinimumVisualStudioVersion = 10.0.40219.1
Project("{FAE04EC0-301F-11D3-BF4B-00C04F79EFBC}") = "Mod3Zad5", "Mod3Zad5\Mod3Zad5.csproj", "{AC343AF2-F02F-4619-9019-423D5A0DEB30}"
EndProject
Global
	GlobalSection(SolutionConfigurationPlatforms) = preSolution
		Debug|Any CPU = Debug|Any CPU
		Release|Any CPU = Release|Any CPU
	EndGlobalSection
	GlobalSection(ProjectConfigurationPlatforms) = postSolution
		{AC343AF2-F02F-4619-9019-423D5A0DEB30}.Debug|Any CPU.ActiveCfg = Debug|Any CPU
		{AC343AF2-F02F-4619-9019-423D5A0DEB30}.Debug|Any CPU.Build.0 = Debug|Any CPU
		{AC343AF2-F02F-4619-9019-423D5A0DEB30}.Release|Any CPU.ActiveCfg = Release|Any CPU
		{AC343AF2-F02F-4619-9019-423D5A0DEB30}.Release|Any CPU.Build.0 = Release|Any CPU
	EndGlobalSection
	GlobalSection(SolutionProperties) = preSolution
		HideSolutionNode = FALSE
	EndGlobalSection
	GlobalSection(ExtensibilityGlobals) = postSolution
		SolutionGuid = {C3D2ED3E-EB5D-4D4B-8E07-1AEF5102748D}
	EndGlobalSection
EndGlobal
